// !$*UTF8*$!
{
	archiveVersion = 1;
	classes = {
	};
	objectVersion = 46;
	objects = {

/* Begin PBXBuildFile section */
		0208AD9BF78794CF93C4B4AF /* Pods.framework in Frameworks */ = {isa = PBXBuildFile; fileRef = 060ADF383EDD4A49DA0C961A /* Pods.framework */; };
		BB3401D41C6DABC3008579E3 /* AppDelegate.swift in Sources */ = {isa = PBXBuildFile; fileRef = BB3401D31C6DABC3008579E3 /* AppDelegate.swift */; };
		BB3401DB1C6DABC3008579E3 /* Assets.xcassets in Resources */ = {isa = PBXBuildFile; fileRef = BB3401DA1C6DABC3008579E3 /* Assets.xcassets */; };
		BB3401DE1C6DABC3008579E3 /* LaunchScreen.storyboard in Resources */ = {isa = PBXBuildFile; fileRef = BB3401DC1C6DABC3008579E3 /* LaunchScreen.storyboard */; };
		BB3401E91C6DABC3008579E3 /* CameraEngineExampleTests.swift in Sources */ = {isa = PBXBuildFile; fileRef = BB3401E81C6DABC3008579E3 /* CameraEngineExampleTests.swift */; };
		BB3401F41C6DABC3008579E3 /* CameraEngineExampleUITests.swift in Sources */ = {isa = PBXBuildFile; fileRef = BB3401F31C6DABC3008579E3 /* CameraEngineExampleUITests.swift */; };
		BB3402021C6DAC46008579E3 /* Main.storyboard in Resources */ = {isa = PBXBuildFile; fileRef = BB3402011C6DAC46008579E3 /* Main.storyboard */; };
		BB3402051C6DAC83008579E3 /* PreviewViewController.swift in Sources */ = {isa = PBXBuildFile; fileRef = BB3402031C6DAC83008579E3 /* PreviewViewController.swift */; };
		BB3402061C6DAC83008579E3 /* ViewController.swift in Sources */ = {isa = PBXBuildFile; fileRef = BB3402041C6DAC83008579E3 /* ViewController.swift */; };
/* End PBXBuildFile section */

/* Begin PBXContainerItemProxy section */
		BB3401E51C6DABC3008579E3 /* PBXContainerItemProxy */ = {
			isa = PBXContainerItemProxy;
			containerPortal = BB3401C81C6DABC3008579E3 /* Project object */;
			proxyType = 1;
			remoteGlobalIDString = BB3401CF1C6DABC3008579E3;
			remoteInfo = CameraEngineExample;
		};
		BB3401F01C6DABC3008579E3 /* PBXContainerItemProxy */ = {
			isa = PBXContainerItemProxy;
			containerPortal = BB3401C81C6DABC3008579E3 /* Project object */;
			proxyType = 1;
			remoteGlobalIDString = BB3401CF1C6DABC3008579E3;
			remoteInfo = CameraEngineExample;
		};
/* End PBXContainerItemProxy section */

/* Begin PBXFileReference section */
		060ADF383EDD4A49DA0C961A /* Pods.framework */ = {isa = PBXFileReference; explicitFileType = wrapper.framework; includeInIndex = 0; path = Pods.framework; sourceTree = BUILT_PRODUCTS_DIR; };
		B84014907B1F932C4D83C744 /* Pods.release.xcconfig */ = {isa = PBXFileReference; includeInIndex = 1; lastKnownFileType = text.xcconfig; name = Pods.release.xcconfig; path = "Pods/Target Support Files/Pods/Pods.release.xcconfig"; sourceTree = "<group>"; };
		BB3401D01C6DABC3008579E3 /* CameraEngineExample.app */ = {isa = PBXFileReference; explicitFileType = wrapper.application; includeInIndex = 0; path = CameraEngineExample.app; sourceTree = BUILT_PRODUCTS_DIR; };
		BB3401D31C6DABC3008579E3 /* AppDelegate.swift */ = {isa = PBXFileReference; lastKnownFileType = sourcecode.swift; path = AppDelegate.swift; sourceTree = "<group>"; };
		BB3401DA1C6DABC3008579E3 /* Assets.xcassets */ = {isa = PBXFileReference; lastKnownFileType = folder.assetcatalog; path = Assets.xcassets; sourceTree = "<group>"; };
		BB3401DD1C6DABC3008579E3 /* Base */ = {isa = PBXFileReference; lastKnownFileType = file.storyboard; name = Base; path = Base.lproj/LaunchScreen.storyboard; sourceTree = "<group>"; };
		BB3401DF1C6DABC3008579E3 /* Info.plist */ = {isa = PBXFileReference; lastKnownFileType = text.plist.xml; path = Info.plist; sourceTree = "<group>"; };
		BB3401E41C6DABC3008579E3 /* CameraEngineExampleTests.xctest */ = {isa = PBXFileReference; explicitFileType = wrapper.cfbundle; includeInIndex = 0; path = CameraEngineExampleTests.xctest; sourceTree = BUILT_PRODUCTS_DIR; };
		BB3401E81C6DABC3008579E3 /* CameraEngineExampleTests.swift */ = {isa = PBXFileReference; lastKnownFileType = sourcecode.swift; path = CameraEngineExampleTests.swift; sourceTree = "<group>"; };
		BB3401EA1C6DABC3008579E3 /* Info.plist */ = {isa = PBXFileReference; lastKnownFileType = text.plist.xml; path = Info.plist; sourceTree = "<group>"; };
		BB3401EF1C6DABC3008579E3 /* CameraEngineExampleUITests.xctest */ = {isa = PBXFileReference; explicitFileType = wrapper.cfbundle; includeInIndex = 0; path = CameraEngineExampleUITests.xctest; sourceTree = BUILT_PRODUCTS_DIR; };
		BB3401F31C6DABC3008579E3 /* CameraEngineExampleUITests.swift */ = {isa = PBXFileReference; lastKnownFileType = sourcecode.swift; path = CameraEngineExampleUITests.swift; sourceTree = "<group>"; };
		BB3401F51C6DABC3008579E3 /* Info.plist */ = {isa = PBXFileReference; lastKnownFileType = text.plist.xml; path = Info.plist; sourceTree = "<group>"; };
		BB3402011C6DAC46008579E3 /* Main.storyboard */ = {isa = PBXFileReference; fileEncoding = 4; lastKnownFileType = file.storyboard; path = Main.storyboard; sourceTree = "<group>"; };
		BB3402031C6DAC83008579E3 /* PreviewViewController.swift */ = {isa = PBXFileReference; fileEncoding = 4; lastKnownFileType = sourcecode.swift; path = PreviewViewController.swift; sourceTree = "<group>"; };
		BB3402041C6DAC83008579E3 /* ViewController.swift */ = {isa = PBXFileReference; fileEncoding = 4; lastKnownFileType = sourcecode.swift; path = ViewController.swift; sourceTree = "<group>"; };
		CC0F4DEB08121E944DA56E1F /* Pods.debug.xcconfig */ = {isa = PBXFileReference; includeInIndex = 1; lastKnownFileType = text.xcconfig; name = Pods.debug.xcconfig; path = "Pods/Target Support Files/Pods/Pods.debug.xcconfig"; sourceTree = "<group>"; };
/* End PBXFileReference section */

/* Begin PBXFrameworksBuildPhase section */
		BB3401CD1C6DABC3008579E3 /* Frameworks */ = {
			isa = PBXFrameworksBuildPhase;
			buildActionMask = 2147483647;
			files = (
				0208AD9BF78794CF93C4B4AF /* Pods.framework in Frameworks */,
			);
			runOnlyForDeploymentPostprocessing = 0;
		};
		BB3401E11C6DABC3008579E3 /* Frameworks */ = {
			isa = PBXFrameworksBuildPhase;
			buildActionMask = 2147483647;
			files = (
			);
			runOnlyForDeploymentPostprocessing = 0;
		};
		BB3401EC1C6DABC3008579E3 /* Frameworks */ = {
			isa = PBXFrameworksBuildPhase;
			buildActionMask = 2147483647;
			files = (
			);
			runOnlyForDeploymentPostprocessing = 0;
		};
/* End PBXFrameworksBuildPhase section */

/* Begin PBXGroup section */
		2A5657215B89ECF841BDED26 /* Pods */ = {
			isa = PBXGroup;
			children = (
				CC0F4DEB08121E944DA56E1F /* Pods.debug.xcconfig */,
				B84014907B1F932C4D83C744 /* Pods.release.xcconfig */,
			);
			name = Pods;
			sourceTree = "<group>";
		};
		5D328024135D94E6889A951F /* Frameworks */ = {
			isa = PBXGroup;
			children = (
				060ADF383EDD4A49DA0C961A /* Pods.framework */,
			);
			name = Frameworks;
			sourceTree = "<group>";
		};
		BB3401C71C6DABC3008579E3 = {
			isa = PBXGroup;
			children = (
				BB3401D21C6DABC3008579E3 /* CameraEngineExample */,
				BB3401E71C6DABC3008579E3 /* CameraEngineExampleTests */,
				BB3401F21C6DABC3008579E3 /* CameraEngineExampleUITests */,
				BB3401D11C6DABC3008579E3 /* Products */,
				2A5657215B89ECF841BDED26 /* Pods */,
				5D328024135D94E6889A951F /* Frameworks */,
			);
			sourceTree = "<group>";
		};
		BB3401D11C6DABC3008579E3 /* Products */ = {
			isa = PBXGroup;
			children = (
				BB3401D01C6DABC3008579E3 /* CameraEngineExample.app */,
				BB3401E41C6DABC3008579E3 /* CameraEngineExampleTests.xctest */,
				BB3401EF1C6DABC3008579E3 /* CameraEngineExampleUITests.xctest */,
			);
			name = Products;
			sourceTree = "<group>";
		};
		BB3401D21C6DABC3008579E3 /* CameraEngineExample */ = {
			isa = PBXGroup;
			children = (
				BB3401D31C6DABC3008579E3 /* AppDelegate.swift */,
				BB3402031C6DAC83008579E3 /* PreviewViewController.swift */,
				BB3402041C6DAC83008579E3 /* ViewController.swift */,
				BB3402011C6DAC46008579E3 /* Main.storyboard */,
				BB3401DA1C6DABC3008579E3 /* Assets.xcassets */,
				BB3401DC1C6DABC3008579E3 /* LaunchScreen.storyboard */,
				BB3401DF1C6DABC3008579E3 /* Info.plist */,
			);
			path = CameraEngineExample;
			sourceTree = "<group>";
		};
		BB3401E71C6DABC3008579E3 /* CameraEngineExampleTests */ = {
			isa = PBXGroup;
			children = (
				BB3401E81C6DABC3008579E3 /* CameraEngineExampleTests.swift */,
				BB3401EA1C6DABC3008579E3 /* Info.plist */,
			);
			path = CameraEngineExampleTests;
			sourceTree = "<group>";
		};
		BB3401F21C6DABC3008579E3 /* CameraEngineExampleUITests */ = {
			isa = PBXGroup;
			children = (
				BB3401F31C6DABC3008579E3 /* CameraEngineExampleUITests.swift */,
				BB3401F51C6DABC3008579E3 /* Info.plist */,
			);
			path = CameraEngineExampleUITests;
			sourceTree = "<group>";
		};
/* End PBXGroup section */

/* Begin PBXNativeTarget section */
		BB3401CF1C6DABC3008579E3 /* CameraEngineExample */ = {
			isa = PBXNativeTarget;
			buildConfigurationList = BB3401F81C6DABC3008579E3 /* Build configuration list for PBXNativeTarget "CameraEngineExample" */;
			buildPhases = (
				9B7A1C318B37ABBA96CFB7E3 /* Check Pods Manifest.lock */,
				BB3401CC1C6DABC3008579E3 /* Sources */,
				BB3401CD1C6DABC3008579E3 /* Frameworks */,
				BB3401CE1C6DABC3008579E3 /* Resources */,
				C7EF6F5408DD0C6D01038545 /* Embed Pods Frameworks */,
				9383E77EBC5B8FC7072E50BB /* Copy Pods Resources */,
			);
			buildRules = (
			);
			dependencies = (
			);
			name = CameraEngineExample;
			productName = CameraEngineExample;
			productReference = BB3401D01C6DABC3008579E3 /* CameraEngineExample.app */;
			productType = "com.apple.product-type.application";
		};
		BB3401E31C6DABC3008579E3 /* CameraEngineExampleTests */ = {
			isa = PBXNativeTarget;
			buildConfigurationList = BB3401FB1C6DABC3008579E3 /* Build configuration list for PBXNativeTarget "CameraEngineExampleTests" */;
			buildPhases = (
				BB3401E01C6DABC3008579E3 /* Sources */,
				BB3401E11C6DABC3008579E3 /* Frameworks */,
				BB3401E21C6DABC3008579E3 /* Resources */,
			);
			buildRules = (
			);
			dependencies = (
				BB3401E61C6DABC3008579E3 /* PBXTargetDependency */,
			);
			name = CameraEngineExampleTests;
			productName = CameraEngineExampleTests;
			productReference = BB3401E41C6DABC3008579E3 /* CameraEngineExampleTests.xctest */;
			productType = "com.apple.product-type.bundle.unit-test";
		};
		BB3401EE1C6DABC3008579E3 /* CameraEngineExampleUITests */ = {
			isa = PBXNativeTarget;
			buildConfigurationList = BB3401FE1C6DABC3008579E3 /* Build configuration list for PBXNativeTarget "CameraEngineExampleUITests" */;
			buildPhases = (
				BB3401EB1C6DABC3008579E3 /* Sources */,
				BB3401EC1C6DABC3008579E3 /* Frameworks */,
				BB3401ED1C6DABC3008579E3 /* Resources */,
			);
			buildRules = (
			);
			dependencies = (
				BB3401F11C6DABC3008579E3 /* PBXTargetDependency */,
			);
			name = CameraEngineExampleUITests;
			productName = CameraEngineExampleUITests;
			productReference = BB3401EF1C6DABC3008579E3 /* CameraEngineExampleUITests.xctest */;
			productType = "com.apple.product-type.bundle.ui-testing";
		};
/* End PBXNativeTarget section */

/* Begin PBXProject section */
		BB3401C81C6DABC3008579E3 /* Project object */ = {
			isa = PBXProject;
			attributes = {
				LastSwiftUpdateCheck = 0720;
				LastUpgradeCheck = 0720;
				ORGANIZATIONNAME = "Remi Robert";
				TargetAttributes = {
					BB3401CF1C6DABC3008579E3 = {
						CreatedOnToolsVersion = 7.2.1;
					};
					BB3401E31C6DABC3008579E3 = {
						CreatedOnToolsVersion = 7.2.1;
						TestTargetID = BB3401CF1C6DABC3008579E3;
					};
					BB3401EE1C6DABC3008579E3 = {
						CreatedOnToolsVersion = 7.2.1;
						TestTargetID = BB3401CF1C6DABC3008579E3;
					};
				};
			};
			buildConfigurationList = BB3401CB1C6DABC3008579E3 /* Build configuration list for PBXProject "CameraEngineExample" */;
			compatibilityVersion = "Xcode 3.2";
			developmentRegion = English;
			hasScannedForEncodings = 0;
			knownRegions = (
				en,
				Base,
			);
			mainGroup = BB3401C71C6DABC3008579E3;
			productRefGroup = BB3401D11C6DABC3008579E3 /* Products */;
			projectDirPath = "";
			projectRoot = "";
			targets = (
				BB3401CF1C6DABC3008579E3 /* CameraEngineExample */,
				BB3401E31C6DABC3008579E3 /* CameraEngineExampleTests */,
				BB3401EE1C6DABC3008579E3 /* CameraEngineExampleUITests */,
			);
		};
/* End PBXProject section */

/* Begin PBXResourcesBuildPhase section */
		BB3401CE1C6DABC3008579E3 /* Resources */ = {
			isa = PBXResourcesBuildPhase;
			buildActionMask = 2147483647;
			files = (
				BB3401DE1C6DABC3008579E3 /* LaunchScreen.storyboard in Resources */,
				BB3401DB1C6DABC3008579E3 /* Assets.xcassets in Resources */,
				BB3402021C6DAC46008579E3 /* Main.storyboard in Resources */,
			);
			runOnlyForDeploymentPostprocessing = 0;
		};
		BB3401E21C6DABC3008579E3 /* Resources */ = {
			isa = PBXResourcesBuildPhase;
			buildActionMask = 2147483647;
			files = (
			);
			runOnlyForDeploymentPostprocessing = 0;
		};
		BB3401ED1C6DABC3008579E3 /* Resources */ = {
			isa = PBXResourcesBuildPhase;
			buildActionMask = 2147483647;
			files = (
			);
			runOnlyForDeploymentPostprocessing = 0;
		};
/* End PBXResourcesBuildPhase section */

/* Begin PBXShellScriptBuildPhase section */
		9383E77EBC5B8FC7072E50BB /* Copy Pods Resources */ = {
			isa = PBXShellScriptBuildPhase;
			buildActionMask = 2147483647;
			files = (
			);
			inputPaths = (
			);
			name = "Copy Pods Resources";
			outputPaths = (
			);
			runOnlyForDeploymentPostprocessing = 0;
			shellPath = /bin/sh;
			shellScript = "\"${SRCROOT}/Pods/Target Support Files/Pods/Pods-resources.sh\"\n";
			showEnvVarsInLog = 0;
		};
		9B7A1C318B37ABBA96CFB7E3 /* Check Pods Manifest.lock */ = {
			isa = PBXShellScriptBuildPhase;
			buildActionMask = 2147483647;
			files = (
			);
			inputPaths = (
			);
			name = "Check Pods Manifest.lock";
			outputPaths = (
			);
			runOnlyForDeploymentPostprocessing = 0;
			shellPath = /bin/sh;
			shellScript = "diff \"${PODS_ROOT}/../Podfile.lock\" \"${PODS_ROOT}/Manifest.lock\" > /dev/null\nif [[ $? != 0 ]] ; then\n    cat << EOM\nerror: The sandbox is not in sync with the Podfile.lock. Run 'pod install' or update your CocoaPods installation.\nEOM\n    exit 1\nfi\n";
			showEnvVarsInLog = 0;
		};
		C7EF6F5408DD0C6D01038545 /* Embed Pods Frameworks */ = {
			isa = PBXShellScriptBuildPhase;
			buildActionMask = 2147483647;
			files = (
			);
			inputPaths = (
			);
			name = "Embed Pods Frameworks";
			outputPaths = (
			);
			runOnlyForDeploymentPostprocessing = 0;
			shellPath = /bin/sh;
			shellScript = "\"${SRCROOT}/Pods/Target Support Files/Pods/Pods-frameworks.sh\"\n";
			showEnvVarsInLog = 0;
		};
/* End PBXShellScriptBuildPhase section */

/* Begin PBXSourcesBuildPhase section */
		BB3401CC1C6DABC3008579E3 /* Sources */ = {
			isa = PBXSourcesBuildPhase;
			buildActionMask = 2147483647;
			files = (
				BB3402061C6DAC83008579E3 /* ViewController.swift in Sources */,
				BB3401D41C6DABC3008579E3 /* AppDelegate.swift in Sources */,
				BB3402051C6DAC83008579E3 /* PreviewViewController.swift in Sources */,
			);
			runOnlyForDeploymentPostprocessing = 0;
		};
		BB3401E01C6DABC3008579E3 /* Sources */ = {
			isa = PBXSourcesBuildPhase;
			buildActionMask = 2147483647;
			files = (
				BB3401E91C6DABC3008579E3 /* CameraEngineExampleTests.swift in Sources */,
			);
			runOnlyForDeploymentPostprocessing = 0;
		};
		BB3401EB1C6DABC3008579E3 /* Sources */ = {
			isa = PBXSourcesBuildPhase;
			buildActionMask = 2147483647;
			files = (
				BB3401F41C6DABC3008579E3 /* CameraEngineExampleUITests.swift in Sources */,
			);
			runOnlyForDeploymentPostprocessing = 0;
		};
/* End PBXSourcesBuildPhase section */

/* Begin PBXTargetDependency section */
		BB3401E61C6DABC3008579E3 /* PBXTargetDependency */ = {
			isa = PBXTargetDependency;
			target = BB3401CF1C6DABC3008579E3 /* CameraEngineExample */;
			targetProxy = BB3401E51C6DABC3008579E3 /* PBXContainerItemProxy */;
		};
		BB3401F11C6DABC3008579E3 /* PBXTargetDependency */ = {
			isa = PBXTargetDependency;
			target = BB3401CF1C6DABC3008579E3 /* CameraEngineExample */;
			targetProxy = BB3401F01C6DABC3008579E3 /* PBXContainerItemProxy */;
		};
/* End PBXTargetDependency section */

/* Begin PBXVariantGroup section */
		BB3401DC1C6DABC3008579E3 /* LaunchScreen.storyboard */ = {
			isa = PBXVariantGroup;
			children = (
				BB3401DD1C6DABC3008579E3 /* Base */,
			);
			name = LaunchScreen.storyboard;
			sourceTree = "<group>";
		};
/* End PBXVariantGroup section */

/* Begin XCBuildConfiguration section */
		BB3401F61C6DABC3008579E3 /* Debug */ = {
			isa = XCBuildConfiguration;
			buildSettings = {
				ALWAYS_SEARCH_USER_PATHS = NO;
				CLANG_CXX_LANGUAGE_STANDARD = "gnu++0x";
				CLANG_CXX_LIBRARY = "libc++";
				CLANG_ENABLE_MODULES = YES;
				CLANG_ENABLE_OBJC_ARC = YES;
				CLANG_WARN_BOOL_CONVERSION = YES;
				CLANG_WARN_CONSTANT_CONVERSION = YES;
				CLANG_WARN_DIRECT_OBJC_ISA_USAGE = YES_ERROR;
				CLANG_WARN_EMPTY_BODY = YES;
				CLANG_WARN_ENUM_CONVERSION = YES;
				CLANG_WARN_INT_CONVERSION = YES;
				CLANG_WARN_OBJC_ROOT_CLASS = YES_ERROR;
				CLANG_WARN_UNREACHABLE_CODE = YES;
				CLANG_WARN__DUPLICATE_METHOD_MATCH = YES;
				"CODE_SIGN_IDENTITY[sdk=iphoneos*]" = "iPhone Developer";
				COPY_PHASE_STRIP = NO;
				DEBUG_INFORMATION_FORMAT = dwarf;
				ENABLE_STRICT_OBJC_MSGSEND = YES;
				ENABLE_TESTABILITY = YES;
				GCC_C_LANGUAGE_STANDARD = gnu99;
				GCC_DYNAMIC_NO_PIC = NO;
				GCC_NO_COMMON_BLOCKS = YES;
				GCC_OPTIMIZATION_LEVEL = 0;
				GCC_PREPROCESSOR_DEFINITIONS = (
					"DEBUG=1",
					"$(inherited)",
				);
				GCC_WARN_64_TO_32_BIT_CONVERSION = YES;
				GCC_WARN_ABOUT_RETURN_TYPE = YES_ERROR;
				GCC_WARN_UNDECLARED_SELECTOR = YES;
				GCC_WARN_UNINITIALIZED_AUTOS = YES_AGGRESSIVE;
				GCC_WARN_UNUSED_FUNCTION = YES;
				GCC_WARN_UNUSED_VARIABLE = YES;
				IPHONEOS_DEPLOYMENT_TARGET = 9.2;
				MTL_ENABLE_DEBUG_INFO = YES;
				ONLY_ACTIVE_ARCH = YES;
				SDKROOT = iphoneos;
				SWIFT_OPTIMIZATION_LEVEL = "-Onone";
				TARGETED_DEVICE_FAMILY = "1,2";
			};
			name = Debug;
		};
		BB3401F71C6DABC3008579E3 /* Release */ = {
			isa = XCBuildConfiguration;
			buildSettings = {
				ALWAYS_SEARCH_USER_PATHS = NO;
				CLANG_CXX_LANGUAGE_STANDARD = "gnu++0x";
				CLANG_CXX_LIBRARY = "libc++";
				CLANG_ENABLE_MODULES = YES;
				CLANG_ENABLE_OBJC_ARC = YES;
				CLANG_WARN_BOOL_CONVERSION = YES;
				CLANG_WARN_CONSTANT_CONVERSION = YES;
				CLANG_WARN_DIRECT_OBJC_ISA_USAGE = YES_ERROR;
				CLANG_WARN_EMPTY_BODY = YES;
				CLANG_WARN_ENUM_CONVERSION = YES;
				CLANG_WARN_INT_CONVERSION = YES;
				CLANG_WARN_OBJC_ROOT_CLASS = YES_ERROR;
				CLANG_WARN_UNREACHABLE_CODE = YES;
				CLANG_WARN__DUPLICATE_METHOD_MATCH = YES;
				"CODE_SIGN_IDENTITY[sdk=iphoneos*]" = "iPhone Developer";
				COPY_PHASE_STRIP = NO;
				DEBUG_INFORMATION_FORMAT = "dwarf-with-dsym";
				ENABLE_NS_ASSERTIONS = NO;
				ENABLE_STRICT_OBJC_MSGSEND = YES;
				GCC_C_LANGUAGE_STANDARD = gnu99;
				GCC_NO_COMMON_BLOCKS = YES;
				GCC_WARN_64_TO_32_BIT_CONVERSION = YES;
				GCC_WARN_ABOUT_RETURN_TYPE = YES_ERROR;
				GCC_WARN_UNDECLARED_SELECTOR = YES;
				GCC_WARN_UNINITIALIZED_AUTOS = YES_AGGRESSIVE;
				GCC_WARN_UNUSED_FUNCTION = YES;
				GCC_WARN_UNUSED_VARIABLE = YES;
				IPHONEOS_DEPLOYMENT_TARGET = 9.2;
				MTL_ENABLE_DEBUG_INFO = NO;
				SDKROOT = iphoneos;
				TARGETED_DEVICE_FAMILY = "1,2";
				VALIDATE_PRODUCT = YES;
			};
			name = Release;
		};
		BB3401F91C6DABC3008579E3 /* Debug */ = {
			isa = XCBuildConfiguration;
			baseConfigurationReference = CC0F4DEB08121E944DA56E1F /* Pods.debug.xcconfig */;
			buildSettings = {
				ASSETCATALOG_COMPILER_APPICON_NAME = AppIcon;
				INFOPLIST_FILE = CameraEngineExample/Info.plist;
				LD_RUNPATH_SEARCH_PATHS = "$(inherited) @executable_path/Frameworks";
				PRODUCT_BUNDLE_IDENTIFIER = com.remirobert.CameraEngineExample;
				PRODUCT_NAME = "$(TARGET_NAME)";
			};
			name = Debug;
		};
		BB3401FA1C6DABC3008579E3 /* Release */ = {
			isa = XCBuildConfiguration;
			baseConfigurationReference = B84014907B1F932C4D83C744 /* Pods.release.xcconfig */;
			buildSettings = {
				ASSETCATALOG_COMPILER_APPICON_NAME = AppIcon;
				INFOPLIST_FILE = CameraEngineExample/Info.plist;
				LD_RUNPATH_SEARCH_PATHS = "$(inherited) @executable_path/Frameworks";
				PRODUCT_BUNDLE_IDENTIFIER = com.remirobert.CameraEngineExample;
				PRODUCT_NAME = "$(TARGET_NAME)";
			};
			name = Release;
		};
		BB3401FC1C6DABC3008579E3 /* Debug */ = {
			isa = XCBuildConfiguration;
			buildSettings = {
				BUNDLE_LOADER = "$(TEST_HOST)";
				INFOPLIST_FILE = CameraEngineExampleTests/Info.plist;
				LD_RUNPATH_SEARCH_PATHS = "$(inherited) @executable_path/Frameworks @loader_path/Frameworks";
				PRODUCT_BUNDLE_IDENTIFIER = com.remirobert.CameraEngineExampleTests;
				PRODUCT_NAME = "$(TARGET_NAME)";
				TEST_HOST = "$(BUILT_PRODUCTS_DIR)/CameraEngineExample.app/CameraEngineExample";
			};
			name = Debug;
		};
		BB3401FD1C6DABC3008579E3 /* Release */ = {
			isa = XCBuildConfiguration;
			buildSettings = {
				BUNDLE_LOADER = "$(TEST_HOST)";
				INFOPLIST_FILE = CameraEngineExampleTests/Info.plist;
				LD_RUNPATH_SEARCH_PATHS = "$(inherited) @executable_path/Frameworks @loader_path/Frameworks";
				PRODUCT_BUNDLE_IDENTIFIER = com.remirobert.CameraEngineExampleTests;
				PRODUCT_NAME = "$(TARGET_NAME)";
				TEST_HOST = "$(BUILT_PRODUCTS_DIR)/CameraEngineExample.app/CameraEngineExample";
			};
			name = Release;
		};
		BB3401FF1C6DABC3008579E3 /* Debug */ = {
			isa = XCBuildConfiguration;
			buildSettings = {
				INFOPLIST_FILE = CameraEngineExampleUITests/Info.plist;
				LD_RUNPATH_SEARCH_PATHS = "$(inherited) @executable_path/Frameworks @loader_path/Frameworks";
				PRODUCT_BUNDLE_IDENTIFIER = com.remirobert.CameraEngineExampleUITests;
				PRODUCT_NAME = "$(TARGET_NAME)";
				TEST_TARGET_NAME = CameraEngineExample;
				USES_XCTRUNNER = YES;
			};
			name = Debug;
		};
		BB3402001C6DABC3008579E3 /* Release */ = {
			isa = XCBuildConfiguration;
			buildSettings = {
				INFOPLIST_FILE = CameraEngineExampleUITests/Info.plist;
				LD_RUNPATH_SEARCH_PATHS = "$(inherited) @executable_path/Frameworks @loader_path/Frameworks";
				PRODUCT_BUNDLE_IDENTIFIER = com.remirobert.CameraEngineExampleUITests;
				PRODUCT_NAME = "$(TARGET_NAME)";
				TEST_TARGET_NAME = CameraEngineExample;
				USES_XCTRUNNER = YES;
			};
			name = Release;
		};
/* End XCBuildConfiguration section */

/* Begin XCConfigurationList section */
		BB3401CB1C6DABC3008579E3 /* Build configuration list for PBXProject "CameraEngineExample" */ = {
			isa = XCConfigurationList;
			buildConfigurations = (
				BB3401F61C6DABC3008579E3 /* Debug */,
				BB3401F71C6DABC3008579E3 /* Release */,
			);
			defaultConfigurationIsVisible = 0;
			defaultConfigurationName = Release;
		};
		BB3401F81C6DABC3008579E3 /* Build configuration list for PBXNativeTarget "CameraEngineExample" */ = {
			isa = XCConfigurationList;
			buildConfigurations = (
				BB3401F91C6DABC3008579E3 /* Debug */,
				BB3401FA1C6DABC3008579E3 /* Release */,
			);
			defaultConfigurationIsVisible = 0;
			defaultConfigurationName = Release;
		};
		BB3401FB1C6DABC3008579E3 /* Build configuration list for PBXNativeTarget "CameraEngineExampleTests" */ = {
			isa = XCConfigurationList;
			buildConfigurations = (
				BB3401FC1C6DABC3008579E3 /* Debug */,
				BB3401FD1C6DABC3008579E3 /* Release */,
			);
			defaultConfigurationIsVisible = 0;
			defaultConfigurationName = Release;
		};
		BB3401FE1C6DABC3008579E3 /* Build configuration list for PBXNativeTarget "CameraEngineExampleUITests" */ = {
			isa = XCConfigurationList;
			buildConfigurations = (
				BB3401FF1C6DABC3008579E3 /* Debug */,
				BB3402001C6DABC3008579E3 /* Release */,
			);
			defaultConfigurationIsVisible = 0;
			defaultConfigurationName = Release;
		};
/* End XCConfigurationList section */
	};
	rootObject = BB3401C81C6DABC3008579E3 /* Project object */;
}
