// !$*UTF8*$!
{
	archiveVersion = 1;
	classes = {
	};
	objectVersion = 46;
	objects = {

/* Begin PBXBuildFile section */
		BB3401A11C6D920C008579E3 /* CameraEngine.h in Headers */ = {isa = PBXBuildFile; fileRef = BB3401A01C6D920C008579E3 /* CameraEngine.h */; settings = {ATTRIBUTES = (Public, ); }; };
		BB3401A81C6D920C008579E3 /* CameraEngine.framework in Frameworks */ = {isa = PBXBuildFile; fileRef = BB34019D1C6D920C008579E3 /* CameraEngine.framework */; };
		BB3401AD1C6D920C008579E3 /* CameraEngineTests.swift in Sources */ = {isa = PBXBuildFile; fileRef = BB3401AC1C6D920C008579E3 /* CameraEngineTests.swift */; };
		BB3401BF1C6D9237008579E3 /* CameraEngine.swift in Sources */ = {isa = PBXBuildFile; fileRef = BB3401B71C6D9237008579E3 /* CameraEngine.swift */; };
		BB3401C01C6D9237008579E3 /* CameraEngineCaptureOutput.swift in Sources */ = {isa = PBXBuildFile; fileRef = BB3401B81C6D9237008579E3 /* CameraEngineCaptureOutput.swift */; };
		BB3401C11C6D9237008579E3 /* CameraEngineDevice.swift in Sources */ = {isa = PBXBuildFile; fileRef = BB3401B91C6D9237008579E3 /* CameraEngineDevice.swift */; };
		BB3401C21C6D9237008579E3 /* CameraEngineDeviceInput.swift in Sources */ = {isa = PBXBuildFile; fileRef = BB3401BA1C6D9237008579E3 /* CameraEngineDeviceInput.swift */; };
		BB3401C31C6D9237008579E3 /* CameraEngineFileManager.swift in Sources */ = {isa = PBXBuildFile; fileRef = BB3401BB1C6D9237008579E3 /* CameraEngineFileManager.swift */; };
		BB3401C41C6D9237008579E3 /* CameraEngineGifEncoder.swift in Sources */ = {isa = PBXBuildFile; fileRef = BB3401BC1C6D9237008579E3 /* CameraEngineGifEncoder.swift */; };
		BB3401C51C6D9237008579E3 /* CameraEngineMetadataOutput.swift in Sources */ = {isa = PBXBuildFile; fileRef = BB3401BD1C6D9237008579E3 /* CameraEngineMetadataOutput.swift */; };
		BB3401C61C6D9237008579E3 /* CameraEngineVideoEncoder.swift in Sources */ = {isa = PBXBuildFile; fileRef = BB3401BE1C6D9237008579E3 /* CameraEngineVideoEncoder.swift */; };
/* End PBXBuildFile section */

/* Begin PBXContainerItemProxy section */
		BB3401A91C6D920C008579E3 /* PBXContainerItemProxy */ = {
			isa = PBXContainerItemProxy;
			containerPortal = BB3401941C6D920C008579E3 /* Project object */;
			proxyType = 1;
			remoteGlobalIDString = BB34019C1C6D920C008579E3;
			remoteInfo = CameraEngine;
		};
/* End PBXContainerItemProxy section */

/* Begin PBXFileReference section */
		BB34019D1C6D920C008579E3 /* CameraEngine.framework */ = {isa = PBXFileReference; explicitFileType = wrapper.framework; includeInIndex = 0; path = CameraEngine.framework; sourceTree = BUILT_PRODUCTS_DIR; };
		BB3401A01C6D920C008579E3 /* CameraEngine.h */ = {isa = PBXFileReference; lastKnownFileType = sourcecode.c.h; path = CameraEngine.h; sourceTree = "<group>"; };
		BB3401A21C6D920C008579E3 /* Info.plist */ = {isa = PBXFileReference; lastKnownFileType = text.plist.xml; path = Info.plist; sourceTree = "<group>"; };
		BB3401A71C6D920C008579E3 /* CameraEngineTests.xctest */ = {isa = PBXFileReference; explicitFileType = wrapper.cfbundle; includeInIndex = 0; path = CameraEngineTests.xctest; sourceTree = BUILT_PRODUCTS_DIR; };
		BB3401AC1C6D920C008579E3 /* CameraEngineTests.swift */ = {isa = PBXFileReference; lastKnownFileType = sourcecode.swift; path = CameraEngineTests.swift; sourceTree = "<group>"; };
		BB3401AE1C6D920C008579E3 /* Info.plist */ = {isa = PBXFileReference; lastKnownFileType = text.plist.xml; path = Info.plist; sourceTree = "<group>"; };
		BB3401B71C6D9237008579E3 /* CameraEngine.swift */ = {isa = PBXFileReference; fileEncoding = 4; lastKnownFileType = sourcecode.swift; path = CameraEngine.swift; sourceTree = "<group>"; };
		BB3401B81C6D9237008579E3 /* CameraEngineCaptureOutput.swift */ = {isa = PBXFileReference; fileEncoding = 4; lastKnownFileType = sourcecode.swift; path = CameraEngineCaptureOutput.swift; sourceTree = "<group>"; };
		BB3401B91C6D9237008579E3 /* CameraEngineDevice.swift */ = {isa = PBXFileReference; fileEncoding = 4; lastKnownFileType = sourcecode.swift; path = CameraEngineDevice.swift; sourceTree = "<group>"; };
		BB3401BA1C6D9237008579E3 /* CameraEngineDeviceInput.swift */ = {isa = PBXFileReference; fileEncoding = 4; lastKnownFileType = sourcecode.swift; path = CameraEngineDeviceInput.swift; sourceTree = "<group>"; };
		BB3401BB1C6D9237008579E3 /* CameraEngineFileManager.swift */ = {isa = PBXFileReference; fileEncoding = 4; lastKnownFileType = sourcecode.swift; path = CameraEngineFileManager.swift; sourceTree = "<group>"; };
		BB3401BC1C6D9237008579E3 /* CameraEngineGifEncoder.swift */ = {isa = PBXFileReference; fileEncoding = 4; lastKnownFileType = sourcecode.swift; path = CameraEngineGifEncoder.swift; sourceTree = "<group>"; };
		BB3401BD1C6D9237008579E3 /* CameraEngineMetadataOutput.swift */ = {isa = PBXFileReference; fileEncoding = 4; lastKnownFileType = sourcecode.swift; path = CameraEngineMetadataOutput.swift; sourceTree = "<group>"; };
		BB3401BE1C6D9237008579E3 /* CameraEngineVideoEncoder.swift */ = {isa = PBXFileReference; fileEncoding = 4; lastKnownFileType = sourcecode.swift; path = CameraEngineVideoEncoder.swift; sourceTree = "<group>"; };
/* End PBXFileReference section */

/* Begin PBXFrameworksBuildPhase section */
		BB3401991C6D920C008579E3 /* Frameworks */ = {
			isa = PBXFrameworksBuildPhase;
			buildActionMask = 2147483647;
			files = (
			);
			runOnlyForDeploymentPostprocessing = 0;
		};
		BB3401A41C6D920C008579E3 /* Frameworks */ = {
			isa = PBXFrameworksBuildPhase;
			buildActionMask = 2147483647;
			files = (
				BB3401A81C6D920C008579E3 /* CameraEngine.framework in Frameworks */,
			);
			runOnlyForDeploymentPostprocessing = 0;
		};
/* End PBXFrameworksBuildPhase section */

/* Begin PBXGroup section */
		BB3401931C6D920C008579E3 = {
			isa = PBXGroup;
			children = (
				BB34019F1C6D920C008579E3 /* CameraEngine */,
				BB3401AB1C6D920C008579E3 /* CameraEngineTests */,
				BB34019E1C6D920C008579E3 /* Products */,
			);
			sourceTree = "<group>";
		};
		BB34019E1C6D920C008579E3 /* Products */ = {
			isa = PBXGroup;
			children = (
				BB34019D1C6D920C008579E3 /* CameraEngine.framework */,
				BB3401A71C6D920C008579E3 /* CameraEngineTests.xctest */,
			);
			name = Products;
			sourceTree = "<group>";
		};
		BB34019F1C6D920C008579E3 /* CameraEngine */ = {
			isa = PBXGroup;
			children = (
				BB3401B71C6D9237008579E3 /* CameraEngine.swift */,
				BB3401B81C6D9237008579E3 /* CameraEngineCaptureOutput.swift */,
				BB3401B91C6D9237008579E3 /* CameraEngineDevice.swift */,
				BB3401BA1C6D9237008579E3 /* CameraEngineDeviceInput.swift */,
				BB3401BB1C6D9237008579E3 /* CameraEngineFileManager.swift */,
				BB3401BC1C6D9237008579E3 /* CameraEngineGifEncoder.swift */,
				BB3401BD1C6D9237008579E3 /* CameraEngineMetadataOutput.swift */,
				BB3401BE1C6D9237008579E3 /* CameraEngineVideoEncoder.swift */,
				BB3401A01C6D920C008579E3 /* CameraEngine.h */,
				BB3401A21C6D920C008579E3 /* Info.plist */,
			);
			path = CameraEngine;
			sourceTree = "<group>";
		};
		BB3401AB1C6D920C008579E3 /* CameraEngineTests */ = {
			isa = PBXGroup;
			children = (
				BB3401AC1C6D920C008579E3 /* CameraEngineTests.swift */,
				BB3401AE1C6D920C008579E3 /* Info.plist */,
			);
			path = CameraEngineTests;
			sourceTree = "<group>";
		};
/* End PBXGroup section */

/* Begin PBXHeadersBuildPhase section */
		BB34019A1C6D920C008579E3 /* Headers */ = {
			isa = PBXHeadersBuildPhase;
			buildActionMask = 2147483647;
			files = (
				BB3401A11C6D920C008579E3 /* CameraEngine.h in Headers */,
			);
			runOnlyForDeploymentPostprocessing = 0;
		};
/* End PBXHeadersBuildPhase section */

/* Begin PBXNativeTarget section */
		BB34019C1C6D920C008579E3 /* CameraEngine */ = {
			isa = PBXNativeTarget;
			buildConfigurationList = BB3401B11C6D920C008579E3 /* Build configuration list for PBXNativeTarget "CameraEngine" */;
			buildPhases = (
				BB3401981C6D920C008579E3 /* Sources */,
				BB3401991C6D920C008579E3 /* Frameworks */,
				BB34019A1C6D920C008579E3 /* Headers */,
				BB34019B1C6D920C008579E3 /* Resources */,
			);
			buildRules = (
			);
			dependencies = (
			);
			name = CameraEngine;
			productName = CameraEngine;
			productReference = BB34019D1C6D920C008579E3 /* CameraEngine.framework */;
			productType = "com.apple.product-type.framework";
		};
		BB3401A61C6D920C008579E3 /* CameraEngineTests */ = {
			isa = PBXNativeTarget;
			buildConfigurationList = BB3401B41C6D920D008579E3 /* Build configuration list for PBXNativeTarget "CameraEngineTests" */;
			buildPhases = (
				BB3401A31C6D920C008579E3 /* Sources */,
				BB3401A41C6D920C008579E3 /* Frameworks */,
				BB3401A51C6D920C008579E3 /* Resources */,
			);
			buildRules = (
			);
			dependencies = (
				BB3401AA1C6D920C008579E3 /* PBXTargetDependency */,
			);
			name = CameraEngineTests;
			productName = CameraEngineTests;
			productReference = BB3401A71C6D920C008579E3 /* CameraEngineTests.xctest */;
			productType = "com.apple.product-type.bundle.unit-test";
		};
/* End PBXNativeTarget section */

/* Begin PBXProject section */
		BB3401941C6D920C008579E3 /* Project object */ = {
			isa = PBXProject;
			attributes = {
				LastSwiftUpdateCheck = 0720;
				LastUpgradeCheck = 0720;
				ORGANIZATIONNAME = "Remi Robert";
				TargetAttributes = {
					BB34019C1C6D920C008579E3 = {
						CreatedOnToolsVersion = 7.2.1;
					};
					BB3401A61C6D920C008579E3 = {
						CreatedOnToolsVersion = 7.2.1;
					};
				};
			};
			buildConfigurationList = BB3401971C6D920C008579E3 /* Build configuration list for PBXProject "CameraEngine" */;
			compatibilityVersion = "Xcode 3.2";
			developmentRegion = English;
			hasScannedForEncodings = 0;
			knownRegions = (
				en,
			);
			mainGroup = BB3401931C6D920C008579E3;
			productRefGroup = BB34019E1C6D920C008579E3 /* Products */;
			projectDirPath = "";
			projectRoot = "";
			targets = (
				BB34019C1C6D920C008579E3 /* CameraEngine */,
				BB3401A61C6D920C008579E3 /* CameraEngineTests */,
			);
		};
/* End PBXProject section */

/* Begin PBXResourcesBuildPhase section */
		BB34019B1C6D920C008579E3 /* Resources */ = {
			isa = PBXResourcesBuildPhase;
			buildActionMask = 2147483647;
			files = (
			);
			runOnlyForDeploymentPostprocessing = 0;
		};
		BB3401A51C6D920C008579E3 /* Resources */ = {
			isa = PBXResourcesBuildPhase;
			buildActionMask = 2147483647;
			files = (
			);
			runOnlyForDeploymentPostprocessing = 0;
		};
/* End PBXResourcesBuildPhase section */

/* Begin PBXSourcesBuildPhase section */
		BB3401981C6D920C008579E3 /* Sources */ = {
			isa = PBXSourcesBuildPhase;
			buildActionMask = 2147483647;
			files = (
				BB3401C11C6D9237008579E3 /* CameraEngineDevice.swift in Sources */,
				BB3401C51C6D9237008579E3 /* CameraEngineMetadataOutput.swift in Sources */,
				BB3401C01C6D9237008579E3 /* CameraEngineCaptureOutput.swift in Sources */,
				BB3401BF1C6D9237008579E3 /* CameraEngine.swift in Sources */,
				BB3401C31C6D9237008579E3 /* CameraEngineFileManager.swift in Sources */,
				BB3401C41C6D9237008579E3 /* CameraEngineGifEncoder.swift in Sources */,
				BB3401C21C6D9237008579E3 /* CameraEngineDeviceInput.swift in Sources */,
				BB3401C61C6D9237008579E3 /* CameraEngineVideoEncoder.swift in Sources */,
			);
			runOnlyForDeploymentPostprocessing = 0;
		};
		BB3401A31C6D920C008579E3 /* Sources */ = {
			isa = PBXSourcesBuildPhase;
			buildActionMask = 2147483647;
			files = (
				BB3401AD1C6D920C008579E3 /* CameraEngineTests.swift in Sources */,
			);
			runOnlyForDeploymentPostprocessing = 0;
		};
/* End PBXSourcesBuildPhase section */

/* Begin PBXTargetDependency section */
		BB3401AA1C6D920C008579E3 /* PBXTargetDependency */ = {
			isa = PBXTargetDependency;
			target = BB34019C1C6D920C008579E3 /* CameraEngine */;
			targetProxy = BB3401A91C6D920C008579E3 /* PBXContainerItemProxy */;
		};
/* End PBXTargetDependency section */

/* Begin XCBuildConfiguration section */
		BB3401AF1C6D920C008579E3 /* Debug */ = {
			isa = XCBuildConfiguration;
			buildSettings = {
				ALWAYS_SEARCH_USER_PATHS = NO;
				CLANG_CXX_LANGUAGE_STANDARD = "gnu++0x";
				CLANG_CXX_LIBRARY = "libc++";
				CLANG_ENABLE_MODULES = YES;
				CLANG_ENABLE_OBJC_ARC = YES;
				CLANG_WARN_BOOL_CONVERSION = YES;
				CLANG_WARN_CONSTANT_CONVERSION = YES;
				CLANG_WARN_DIRECT_OBJC_ISA_USAGE = YES_ERROR;
				CLANG_WARN_EMPTY_BODY = YES;
				CLANG_WARN_ENUM_CONVERSION = YES;
				CLANG_WARN_INT_CONVERSION = YES;
				CLANG_WARN_OBJC_ROOT_CLASS = YES_ERROR;
				CLANG_WARN_UNREACHABLE_CODE = YES;
				CLANG_WARN__DUPLICATE_METHOD_MATCH = YES;
				"CODE_SIGN_IDENTITY[sdk=iphoneos*]" = "iPhone Developer";
				COPY_PHASE_STRIP = NO;
				CURRENT_PROJECT_VERSION = 1;
				DEBUG_INFORMATION_FORMAT = dwarf;
				ENABLE_STRICT_OBJC_MSGSEND = YES;
				ENABLE_TESTABILITY = YES;
				GCC_C_LANGUAGE_STANDARD = gnu99;
				GCC_DYNAMIC_NO_PIC = NO;
				GCC_NO_COMMON_BLOCKS = YES;
				GCC_OPTIMIZATION_LEVEL = 0;
				GCC_PREPROCESSOR_DEFINITIONS = (
					"DEBUG=1",
					"$(inherited)",
				);
				GCC_WARN_64_TO_32_BIT_CONVERSION = YES;
				GCC_WARN_ABOUT_RETURN_TYPE = YES_ERROR;
				GCC_WARN_UNDECLARED_SELECTOR = YES;
				GCC_WARN_UNINITIALIZED_AUTOS = YES_AGGRESSIVE;
				GCC_WARN_UNUSED_FUNCTION = YES;
				GCC_WARN_UNUSED_VARIABLE = YES;
				IPHONEOS_DEPLOYMENT_TARGET = 9.2;
				MTL_ENABLE_DEBUG_INFO = YES;
				ONLY_ACTIVE_ARCH = YES;
				SDKROOT = iphoneos;
				SWIFT_OPTIMIZATION_LEVEL = "-Onone";
				TARGETED_DEVICE_FAMILY = "1,2";
				VERSIONING_SYSTEM = "apple-generic";
				VERSION_INFO_PREFIX = "";
			};
			name = Debug;
		};
		BB3401B01C6D920C008579E3 /* Release */ = {
			isa = XCBuildConfiguration;
			buildSettings = {
				ALWAYS_SEARCH_USER_PATHS = NO;
				CLANG_CXX_LANGUAGE_STANDARD = "gnu++0x";
				CLANG_CXX_LIBRARY = "libc++";
				CLANG_ENABLE_MODULES = YES;
				CLANG_ENABLE_OBJC_ARC = YES;
				CLANG_WARN_BOOL_CONVERSION = YES;
				CLANG_WARN_CONSTANT_CONVERSION = YES;
				CLANG_WARN_DIRECT_OBJC_ISA_USAGE = YES_ERROR;
				CLANG_WARN_EMPTY_BODY = YES;
				CLANG_WARN_ENUM_CONVERSION = YES;
				CLANG_WARN_INT_CONVERSION = YES;
				CLANG_WARN_OBJC_ROOT_CLASS = YES_ERROR;
				CLANG_WARN_UNREACHABLE_CODE = YES;
				CLANG_WARN__DUPLICATE_METHOD_MATCH = YES;
				"CODE_SIGN_IDENTITY[sdk=iphoneos*]" = "iPhone Developer";
				COPY_PHASE_STRIP = NO;
				CURRENT_PROJECT_VERSION = 1;
				DEBUG_INFORMATION_FORMAT = "dwarf-with-dsym";
				ENABLE_NS_ASSERTIONS = NO;
				ENABLE_STRICT_OBJC_MSGSEND = YES;
				GCC_C_LANGUAGE_STANDARD = gnu99;
				GCC_NO_COMMON_BLOCKS = YES;
				GCC_WARN_64_TO_32_BIT_CONVERSION = YES;
				GCC_WARN_ABOUT_RETURN_TYPE = YES_ERROR;
				GCC_WARN_UNDECLARED_SELECTOR = YES;
				GCC_WARN_UNINITIALIZED_AUTOS = YES_AGGRESSIVE;
				GCC_WARN_UNUSED_FUNCTION = YES;
				GCC_WARN_UNUSED_VARIABLE = YES;
				IPHONEOS_DEPLOYMENT_TARGET = 9.2;
				MTL_ENABLE_DEBUG_INFO = NO;
				SDKROOT = iphoneos;
				TARGETED_DEVICE_FAMILY = "1,2";
				VALIDATE_PRODUCT = YES;
				VERSIONING_SYSTEM = "apple-generic";
				VERSION_INFO_PREFIX = "";
			};
			name = Release;
		};
		BB3401B21C6D920C008579E3 /* Debug */ = {
			isa = XCBuildConfiguration;
			buildSettings = {
				CLANG_ENABLE_MODULES = YES;
				DEFINES_MODULE = YES;
				DYLIB_COMPATIBILITY_VERSION = 1;
				DYLIB_CURRENT_VERSION = 1;
				DYLIB_INSTALL_NAME_BASE = "@rpath";
				INFOPLIST_FILE = CameraEngine/Info.plist;
				INSTALL_PATH = "$(LOCAL_LIBRARY_DIR)/Frameworks";
				IPHONEOS_DEPLOYMENT_TARGET = 9.0;
				LD_RUNPATH_SEARCH_PATHS = "$(inherited) @executable_path/Frameworks @loader_path/Frameworks";
				PRODUCT_BUNDLE_IDENTIFIER = com.remirobert.CameraEngine;
				PRODUCT_NAME = "$(TARGET_NAME)";
				SKIP_INSTALL = YES;
				SWIFT_OPTIMIZATION_LEVEL = "-Onone";
			};
			name = Debug;
		};
		BB3401B31C6D920C008579E3 /* Release */ = {
			isa = XCBuildConfiguration;
			buildSettings = {
				CLANG_ENABLE_MODULES = YES;
				DEFINES_MODULE = YES;
				DYLIB_COMPATIBILITY_VERSION = 1;
				DYLIB_CURRENT_VERSION = 1;
				DYLIB_INSTALL_NAME_BASE = "@rpath";
				INFOPLIST_FILE = CameraEngine/Info.plist;
				INSTALL_PATH = "$(LOCAL_LIBRARY_DIR)/Frameworks";
				IPHONEOS_DEPLOYMENT_TARGET = 9.0;
				LD_RUNPATH_SEARCH_PATHS = "$(inherited) @executable_path/Frameworks @loader_path/Frameworks";
				PRODUCT_BUNDLE_IDENTIFIER = com.remirobert.CameraEngine;
				PRODUCT_NAME = "$(TARGET_NAME)";
				SKIP_INSTALL = YES;
			};
			name = Release;
		};
		BB3401B51C6D920D008579E3 /* Debug */ = {
			isa = XCBuildConfiguration;
			buildSettings = {
				INFOPLIST_FILE = CameraEngineTests/Info.plist;
				LD_RUNPATH_SEARCH_PATHS = "$(inherited) @executable_path/Frameworks @loader_path/Frameworks";
				PRODUCT_BUNDLE_IDENTIFIER = com.remirobert.CameraEngineTests;
				PRODUCT_NAME = "$(TARGET_NAME)";
			};
			name = Debug;
		};
		BB3401B61C6D920D008579E3 /* Release */ = {
			isa = XCBuildConfiguration;
			buildSettings = {
				INFOPLIST_FILE = CameraEngineTests/Info.plist;
				LD_RUNPATH_SEARCH_PATHS = "$(inherited) @executable_path/Frameworks @loader_path/Frameworks";
				PRODUCT_BUNDLE_IDENTIFIER = com.remirobert.CameraEngineTests;
				PRODUCT_NAME = "$(TARGET_NAME)";
			};
			name = Release;
		};
/* End XCBuildConfiguration section */

/* Begin XCConfigurationList section */
		BB3401971C6D920C008579E3 /* Build configuration list for PBXProject "CameraEngine" */ = {
			isa = XCConfigurationList;
			buildConfigurations = (
				BB3401AF1C6D920C008579E3 /* Debug */,
				BB3401B01C6D920C008579E3 /* Release */,
			);
			defaultConfigurationIsVisible = 0;
			defaultConfigurationName = Release;
		};
		BB3401B11C6D920C008579E3 /* Build configuration list for PBXNativeTarget "CameraEngine" */ = {
			isa = XCConfigurationList;
			buildConfigurations = (
				BB3401B21C6D920C008579E3 /* Debug */,
				BB3401B31C6D920C008579E3 /* Release */,
			);
			defaultConfigurationIsVisible = 0;
			defaultConfigurationName = Release;
		};
		BB3401B41C6D920D008579E3 /* Build configuration list for PBXNativeTarget "CameraEngineTests" */ = {
			isa = XCConfigurationList;
			buildConfigurations = (
				BB3401B51C6D920D008579E3 /* Debug */,
				BB3401B61C6D920D008579E3 /* Release */,
			);
			defaultConfigurationIsVisible = 0;
			defaultConfigurationName = Release;
		};
/* End XCConfigurationList section */
	};
	rootObject = BB3401941C6D920C008579E3 /* Project object */;
}
